
Microsoft Visual Studio Solution File, Format Version 12.00
# Visual Studio 15
VisualStudioVersion = 15.0.26730.15
MinimumVisualStudioVersion = 10.0.40219.1
Project("{FAE04EC0-301F-11D3-BF4B-00C04F79EFBC}") = "NHibernate.Events.DateAuditing", "NHibernate.Events.DateAuditing\NHibernate.Events.DateAuditing.csproj", "{6170A7FD-7E83-4C00-A1E2-C9C69A1D22C1}"
EndProject
Project("{FAE04EC0-301F-11D3-BF4B-00C04F79EFBC}") = "NHibernate.Events.DateAuditing.Example", "NHibernate.Events.DateAuditing.Example\NHibernate.Events.DateAuditing.Example.csproj", "{33622097-2028-4ECC-B84E-599A763B2A0E}"
EndProject
Project("{2150E333-8FDC-42A3-9474-1A3956D46DE8}") = "Solution Items", "Solution Items", "{762E4F6A-1D9F-4802-BB10-3DD2B983B07C}"
	ProjectSection(SolutionItems) = preProject
		README.md = README.md
	EndProjectSection
EndProject
Global
	GlobalSection(SolutionConfigurationPlatforms) = preSolution
		Debug|Any CPU = Debug|Any CPU
		Release|Any CPU = Release|Any CPU
	EndGlobalSection
	GlobalSection(ProjectConfigurationPlatforms) = postSolution
		{6170A7FD-7E83-4C00-A1E2-C9C69A1D22C1}.Debug|Any CPU.ActiveCfg = Debug|Any CPU
		{6170A7FD-7E83-4C00-A1E2-C9C69A1D22C1}.Debug|Any CPU.Build.0 = Debug|Any CPU
		{6170A7FD-7E83-4C00-A1E2-C9C69A1D22C1}.Release|Any CPU.ActiveCfg = Release|Any CPU
		{6170A7FD-7E83-4C00-A1E2-C9C69A1D22C1}.Release|Any CPU.Build.0 = Release|Any CPU
		{33622097-2028-4ECC-B84E-599A763B2A0E}.Debug|Any CPU.ActiveCfg = Debug|Any CPU
		{33622097-2028-4ECC-B84E-599A763B2A0E}.Debug|Any CPU.Build.0 = Debug|Any CPU
		{33622097-2028-4ECC-B84E-599A763B2A0E}.Release|Any CPU.ActiveCfg = Release|Any CPU
		{33622097-2028-4ECC-B84E-599A763B2A0E}.Release|Any CPU.Build.0 = Release|Any CPU
	EndGlobalSection
	GlobalSection(SolutionProperties) = preSolution
		HideSolutionNode = FALSE
	EndGlobalSection
	GlobalSection(ExtensibilityGlobals) = postSolution
		SolutionGuid = {273E8315-CFF7-4993-A936-057E5E782245}
	EndGlobalSection
EndGlobal
